
Microsoft Visual Studio Solution File, Format Version 12.00
# Visual Studio 15
VisualStudioVersion = 15.0.28307.960
MinimumVisualStudioVersion = 10.0.40219.1
Project("{FAE04EC0-301F-11D3-BF4B-00C04F79EFBC}") = "CommonPractice", "CommonPractice\CommonPractice.csproj", "{D7725B5D-21FD-4DAD-8652-4678C27AE068}"
EndProject
Project("{2150E333-8FDC-42A3-9474-1A3956D46DE8}") = "Solution Items", "Solution Items", "{9E0955A3-6EA8-4B1B-910C-3BA403049DA2}"
	ProjectSection(SolutionItems) = preProject
		readme.md = readme.md
	EndProjectSection
EndProject
Global
	GlobalSection(SolutionConfigurationPlatforms) = preSolution
		Debug|Any CPU = Debug|Any CPU
		Release|Any CPU = Release|Any CPU
	EndGlobalSection
	GlobalSection(ProjectConfigurationPlatforms) = postSolution
		{D7725B5D-21FD-4DAD-8652-4678C27AE068}.Debug|Any CPU.ActiveCfg = Debug|Any CPU
		{D7725B5D-21FD-4DAD-8652-4678C27AE068}.Debug|Any CPU.Build.0 = Debug|Any CPU
		{D7725B5D-21FD-4DAD-8652-4678C27AE068}.Release|Any CPU.ActiveCfg = Release|Any CPU
		{D7725B5D-21FD-4DAD-8652-4678C27AE068}.Release|Any CPU.Build.0 = Release|Any CPU
	EndGlobalSection
	GlobalSection(SolutionProperties) = preSolution
		HideSolutionNode = FALSE
	EndGlobalSection
	GlobalSection(ExtensibilityGlobals) = postSolution
		SolutionGuid = {95AE4A48-8A12-481E-B963-9AED77B1D5EB}
	EndGlobalSection
EndGlobal
